
Microsoft Visual Studio Solution File, Format Version 12.00
# Visual Studio Version 17
VisualStudioVersion = 17.1.32210.238
MinimumVisualStudioVersion = 10.0.40219.1
Project("{2150E333-8FDC-42A3-9474-1A3956D46DE8}") = "src", "src", "{E58C60E7-F31F-4857-A23B-FD35260F6881}"
EndProject
Project("{2150E333-8FDC-42A3-9474-1A3956D46DE8}") = "Solution Items", "Solution Items", "{8C673777-43AF-4431-AE73-6B659C374D19}"
	ProjectSection(SolutionItems) = preProject
		CHANGELOG.md = CHANGELOG.md
		LICENSE.md = LICENSE.md
		README.md = README.md
		.gitlab-ci.yml = .gitlab-ci.yml
		Dockerfile = Dockerfile
		NuGet.Config = NuGet.Config
	EndProjectSection
EndProject
Project("{9A19103F-16F7-4668-BE54-9A1E7A4F7556}") = "Ellie", "src\Ellie\Ellie.csproj", "{48FDEC0E-53F7-43E8-95E5-5DA00EECF0E8}"
EndProject
Project("{2150E333-8FDC-42A3-9474-1A3956D46DE8}") = "ayu", "ayu", "{DF346DB6-3150-441E-8F6E-7D8AA8FE710D}"
EndProject
Project("{9A19103F-16F7-4668-BE54-9A1E7A4F7556}") = "Ayu.Discord.Voice", "src\ayu\Ayu.Discord.Voice\Ayu.Discord.Voice.csproj", "{2CF5F6BC-6F64-4622-96DB-E65EB9AA0F46}"
EndProject
Project("{9A19103F-16F7-4668-BE54-9A1E7A4F7556}") = "Ellie.Tests", "src\Ellie.Tests\Ellie.Tests.csproj", "{73CC3C30-B3D6-4DEA-B2BA-A08E7DC1CBAF}"
EndProject
Project("{9A19103F-16F7-4668-BE54-9A1E7A4F7556}") = "Ellie.Coordinator", "src\Ellie.Coordinator\Ellie.Coordinator.csproj", "{B42D064A-69B6-4B60-88AF-AA302B041A46}"
EndProject
Project("{9A19103F-16F7-4668-BE54-9A1E7A4F7556}") = "Ellie.Generators", "src\Ellie.Generators\Ellie.Generators.csproj", "{D6FBA9FE-F7EB-453C-A9C1-7A657210CB2C}"
EndProject
Project("{9A19103F-16F7-4668-BE54-9A1E7A4F7556}") = "Ellie.VotesApi", "src\Ellie.VotesApi\Ellie.VotesApi.csproj", "{3CA2022E-A5A8-4A6B-91DC-992DADD11E8B}"
EndProject
Project("{9A19103F-16F7-4668-BE54-9A1E7A4F7556}") = "Ellie.Marmalade", "src\Ellie.Marmalade\Ellie.Marmalade.csproj", "{C47C25BF-13D8-4872-8806-68CF6FB83149}"
EndProject
Project("{9A19103F-16F7-4668-BE54-9A1E7A4F7556}") = "Ellise.Common", "src\Ellise.Common\Ellise.Common.csproj", "{3136DA3F-C2FC-475B-BF0B-6C9A7AB0A969}"
EndProject
Project("{9A19103F-16F7-4668-BE54-9A1E7A4F7556}") = "Ellie.Econ", "src\Ellie.Econ\Ellie.Econ.csproj", "{D2313E99-0905-4532-810A-2C907D1F0AF8}"
EndProject
Global
	GlobalSection(SolutionConfigurationPlatforms) = preSolution
		Debug|Any CPU = Debug|Any CPU
		Release|Any CPU = Release|Any CPU
	EndGlobalSection
	GlobalSection(ProjectConfigurationPlatforms) = postSolution
		{48FDEC0E-53F7-43E8-95E5-5DA00EECF0E8}.Debug|Any CPU.ActiveCfg = Debug|Any CPU
		{48FDEC0E-53F7-43E8-95E5-5DA00EECF0E8}.Debug|Any CPU.Build.0 = Debug|Any CPU
		{48FDEC0E-53F7-43E8-95E5-5DA00EECF0E8}.Release|Any CPU.ActiveCfg = Release|Any CPU
		{48FDEC0E-53F7-43E8-95E5-5DA00EECF0E8}.Release|Any CPU.Build.0 = Release|Any CPU
		{2CF5F6BC-6F64-4622-96DB-E65EB9AA0F46}.Debug|Any CPU.ActiveCfg = Debug|Any CPU
		{2CF5F6BC-6F64-4622-96DB-E65EB9AA0F46}.Debug|Any CPU.Build.0 = Debug|Any CPU
		{2CF5F6BC-6F64-4622-96DB-E65EB9AA0F46}.Release|Any CPU.ActiveCfg = Release|Any CPU
		{2CF5F6BC-6F64-4622-96DB-E65EB9AA0F46}.Release|Any CPU.Build.0 = Release|Any CPU
		{73CC3C30-B3D6-4DEA-B2BA-A08E7DC1CBAF}.Debug|Any CPU.ActiveCfg = Debug|Any CPU
		{73CC3C30-B3D6-4DEA-B2BA-A08E7DC1CBAF}.Debug|Any CPU.Build.0 = Debug|Any CPU
		{73CC3C30-B3D6-4DEA-B2BA-A08E7DC1CBAF}.Release|Any CPU.ActiveCfg = Release|Any CPU
		{73CC3C30-B3D6-4DEA-B2BA-A08E7DC1CBAF}.Release|Any CPU.Build.0 = Release|Any CPU
		{B42D064A-69B6-4B60-88AF-AA302B041A46}.Debug|Any CPU.ActiveCfg = Debug|Any CPU
		{B42D064A-69B6-4B60-88AF-AA302B041A46}.Debug|Any CPU.Build.0 = Debug|Any CPU
		{B42D064A-69B6-4B60-88AF-AA302B041A46}.Release|Any CPU.ActiveCfg = Release|Any CPU
		{B42D064A-69B6-4B60-88AF-AA302B041A46}.Release|Any CPU.Build.0 = Release|Any CPU
		{D6FBA9FE-F7EB-453C-A9C1-7A657210CB2C}.Debug|Any CPU.ActiveCfg = Debug|Any CPU
		{D6FBA9FE-F7EB-453C-A9C1-7A657210CB2C}.Debug|Any CPU.Build.0 = Debug|Any CPU
		{D6FBA9FE-F7EB-453C-A9C1-7A657210CB2C}.Release|Any CPU.ActiveCfg = Release|Any CPU
		{D6FBA9FE-F7EB-453C-A9C1-7A657210CB2C}.Release|Any CPU.Build.0 = Release|Any CPU
		{3CA2022E-A5A8-4A6B-91DC-992DADD11E8B}.Debug|Any CPU.ActiveCfg = Debug|Any CPU
		{3CA2022E-A5A8-4A6B-91DC-992DADD11E8B}.Debug|Any CPU.Build.0 = Debug|Any CPU
		{3CA2022E-A5A8-4A6B-91DC-992DADD11E8B}.Release|Any CPU.ActiveCfg = Release|Any CPU
		{3CA2022E-A5A8-4A6B-91DC-992DADD11E8B}.Release|Any CPU.Build.0 = Release|Any CPU
		{C47C25BF-13D8-4872-8806-68CF6FB83149}.Debug|Any CPU.ActiveCfg = Debug|Any CPU
		{C47C25BF-13D8-4872-8806-68CF6FB83149}.Debug|Any CPU.Build.0 = Debug|Any CPU
		{C47C25BF-13D8-4872-8806-68CF6FB83149}.Release|Any CPU.ActiveCfg = Release|Any CPU
		{C47C25BF-13D8-4872-8806-68CF6FB83149}.Release|Any CPU.Build.0 = Release|Any CPU
		{3136DA3F-C2FC-475B-BF0B-6C9A7AB0A969}.Debug|Any CPU.ActiveCfg = Debug|Any CPU
		{3136DA3F-C2FC-475B-BF0B-6C9A7AB0A969}.Debug|Any CPU.Build.0 = Debug|Any CPU
		{3136DA3F-C2FC-475B-BF0B-6C9A7AB0A969}.Release|Any CPU.ActiveCfg = Release|Any CPU
		{3136DA3F-C2FC-475B-BF0B-6C9A7AB0A969}.Release|Any CPU.Build.0 = Release|Any CPU
		{D2313E99-0905-4532-810A-2C907D1F0AF8}.Debug|Any CPU.ActiveCfg = Debug|Any CPU
		{D2313E99-0905-4532-810A-2C907D1F0AF8}.Debug|Any CPU.Build.0 = Debug|Any CPU
		{D2313E99-0905-4532-810A-2C907D1F0AF8}.Release|Any CPU.ActiveCfg = Release|Any CPU
		{D2313E99-0905-4532-810A-2C907D1F0AF8}.Release|Any CPU.Build.0 = Release|Any CPU
	EndGlobalSection
	GlobalSection(SolutionProperties) = preSolution
		HideSolutionNode = FALSE
	EndGlobalSection
	GlobalSection(NestedProjects) = preSolution
		{48FDEC0E-53F7-43E8-95E5-5DA00EECF0E8} = {E58C60E7-F31F-4857-A23B-FD35260F6881}
		{DF346DB6-3150-441E-8F6E-7D8AA8FE710D} = {E58C60E7-F31F-4857-A23B-FD35260F6881}
		{2CF5F6BC-6F64-4622-96DB-E65EB9AA0F46} = {DF346DB6-3150-441E-8F6E-7D8AA8FE710D}
		{73CC3C30-B3D6-4DEA-B2BA-A08E7DC1CBAF} = {E58C60E7-F31F-4857-A23B-FD35260F6881}
		{B42D064A-69B6-4B60-88AF-AA302B041A46} = {E58C60E7-F31F-4857-A23B-FD35260F6881}
		{D6FBA9FE-F7EB-453C-A9C1-7A657210CB2C} = {E58C60E7-F31F-4857-A23B-FD35260F6881}
		{3CA2022E-A5A8-4A6B-91DC-992DADD11E8B} = {E58C60E7-F31F-4857-A23B-FD35260F6881}
		{C47C25BF-13D8-4872-8806-68CF6FB83149} = {E58C60E7-F31F-4857-A23B-FD35260F6881}
		{3136DA3F-C2FC-475B-BF0B-6C9A7AB0A969} = {E58C60E7-F31F-4857-A23B-FD35260F6881}
		{D2313E99-0905-4532-810A-2C907D1F0AF8} = {E58C60E7-F31F-4857-A23B-FD35260F6881}
	EndGlobalSection
	GlobalSection(ExtensibilityGlobals) = postSolution
		SolutionGuid = {C2982516-2905-4B9D-BB8C-6D522824A260}
	EndGlobalSection
EndGlobal
